
Microsoft Visual Studio Solution File, Format Version 12.00
# Visual Studio Version 16
VisualStudioVersion = 16.0.31729.503
MinimumVisualStudioVersion = 10.0.40219.1
Project("{9A19103F-16F7-4668-BE54-9A1E7A4F7556}") = "Amparo.Aplicacao", "Amparo\Amparo.Aplicacao.csproj", "{604AC2ED-743A-4D27-AC2B-32F39CECC0EC}"
EndProject
Project("{FAE04EC0-301F-11D3-BF4B-00C04F79EFBC}") = "Amparo.API", "Amparo.API\Amparo.API.csproj", "{A53C7DEF-897A-4B21-9173-02444A25F55C}"
EndProject
Global
	GlobalSection(SolutionConfigurationPlatforms) = preSolution
		Debug|Any CPU = Debug|Any CPU
		Release|Any CPU = Release|Any CPU
	EndGlobalSection
	GlobalSection(ProjectConfigurationPlatforms) = postSolution
		{604AC2ED-743A-4D27-AC2B-32F39CECC0EC}.Debug|Any CPU.ActiveCfg = Debug|Any CPU
		{604AC2ED-743A-4D27-AC2B-32F39CECC0EC}.Debug|Any CPU.Build.0 = Debug|Any CPU
		{604AC2ED-743A-4D27-AC2B-32F39CECC0EC}.Release|Any CPU.ActiveCfg = Release|Any CPU
		{604AC2ED-743A-4D27-AC2B-32F39CECC0EC}.Release|Any CPU.Build.0 = Release|Any CPU
		{A53C7DEF-897A-4B21-9173-02444A25F55C}.Debug|Any CPU.ActiveCfg = Debug|Any CPU
		{A53C7DEF-897A-4B21-9173-02444A25F55C}.Debug|Any CPU.Build.0 = Debug|Any CPU
		{A53C7DEF-897A-4B21-9173-02444A25F55C}.Release|Any CPU.ActiveCfg = Release|Any CPU
		{A53C7DEF-897A-4B21-9173-02444A25F55C}.Release|Any CPU.Build.0 = Release|Any CPU
	EndGlobalSection
	GlobalSection(SolutionProperties) = preSolution
		HideSolutionNode = FALSE
	EndGlobalSection
	GlobalSection(ExtensibilityGlobals) = postSolution
		SolutionGuid = {5D1F5502-A4C5-462E-ACE5-8C33F54373B0}
	EndGlobalSection
EndGlobal
